// !$*UTF8*$!
{
	archiveVersion = 1;
	classes = {
	};
	objectVersion = 51;
	objects = {

/* Begin PBXBuildFile section */
		6DBA5D8984BB00B5B76057E0 /* Pods_NewMood.framework in Frameworks */ = {isa = PBXBuildFile; fileRef = 01A0313865BB064D96F46B46 /* Pods_NewMood.framework */; };
		79235D63E0295D90BC44CBA8 /* Pods_NewMoodTests.framework in Frameworks */ = {isa = PBXBuildFile; fileRef = D0B60D934B339EFE350B64F9 /* Pods_NewMoodTests.framework */; };
		D679EE122308506300210D4C /* TextView.swift in Sources */ = {isa = PBXBuildFile; fileRef = D679EE112308506300210D4C /* TextView.swift */; };
		D69BCF8022FA342D0086C913 /* AppDelegate.swift in Sources */ = {isa = PBXBuildFile; fileRef = D69BCF7F22FA342D0086C913 /* AppDelegate.swift */; };
		D69BCF8222FA342D0086C913 /* ThoughtInputViewController.swift in Sources */ = {isa = PBXBuildFile; fileRef = D69BCF8122FA342D0086C913 /* ThoughtInputViewController.swift */; };
		D69BCF8522FA342D0086C913 /* Main.storyboard in Resources */ = {isa = PBXBuildFile; fileRef = D69BCF8322FA342D0086C913 /* Main.storyboard */; };
		D69BCF8822FA342D0086C913 /* NewMood.xcdatamodeld in Sources */ = {isa = PBXBuildFile; fileRef = D69BCF8622FA342D0086C913 /* NewMood.xcdatamodeld */; };
		D69BCF8A22FA342E0086C913 /* Assets.xcassets in Resources */ = {isa = PBXBuildFile; fileRef = D69BCF8922FA342E0086C913 /* Assets.xcassets */; };
		D69BCF8D22FA342E0086C913 /* LaunchScreen.storyboard in Resources */ = {isa = PBXBuildFile; fileRef = D69BCF8B22FA342E0086C913 /* LaunchScreen.storyboard */; };
		D69BCF9822FA342E0086C913 /* NewMoodTests.swift in Sources */ = {isa = PBXBuildFile; fileRef = D69BCF9722FA342E0086C913 /* NewMoodTests.swift */; };
		D69BCFA322FA3A250086C913 /* NavigationController.swift in Sources */ = {isa = PBXBuildFile; fileRef = D69BCFA222FA3A250086C913 /* NavigationController.swift */; };
		D69BCFA522FA3A420086C913 /* ViewController.swift in Sources */ = {isa = PBXBuildFile; fileRef = D69BCFA422FA3A420086C913 /* ViewController.swift */; };
		D69BCFA722FA3D5B0086C913 /* UIColor.Ext.swift in Sources */ = {isa = PBXBuildFile; fileRef = D69BCFA622FA3D5B0086C913 /* UIColor.Ext.swift */; };
		D6EA92EF230057B300BCF352 /* ThoughtListViewController.swift in Sources */ = {isa = PBXBuildFile; fileRef = D6EA92EE230057B300BCF352 /* ThoughtListViewController.swift */; };
		D6EA92F123005A6B00BCF352 /* EnumProtocols.swift in Sources */ = {isa = PBXBuildFile; fileRef = D6EA92F023005A6B00BCF352 /* EnumProtocols.swift */; };
		D6EA92F323005BA300BCF352 /* ThoughtTableViewCell.swift in Sources */ = {isa = PBXBuildFile; fileRef = D6EA92F223005BA300BCF352 /* ThoughtTableViewCell.swift */; };
		D6EA92F523005BCF00BCF352 /* Strings.swift in Sources */ = {isa = PBXBuildFile; fileRef = D6EA92F423005BCF00BCF352 /* Strings.swift */; };
		D6EA92F7230062CA00BCF352 /* TableView.swift in Sources */ = {isa = PBXBuildFile; fileRef = D6EA92F6230062CA00BCF352 /* TableView.swift */; };
		D6EA92F9230062E300BCF352 /* TableViewCell.swift in Sources */ = {isa = PBXBuildFile; fileRef = D6EA92F8230062E300BCF352 /* TableViewCell.swift */; };
		D6EA92FC2300638100BCF352 /* ThoughtListVC.Exts.swift in Sources */ = {isa = PBXBuildFile; fileRef = D6EA92FB2300638100BCF352 /* ThoughtListVC.Exts.swift */; };
/* End PBXBuildFile section */

/* Begin PBXContainerItemProxy section */
		D69BCF9422FA342E0086C913 /* PBXContainerItemProxy */ = {
			isa = PBXContainerItemProxy;
			containerPortal = D69BCF7422FA342D0086C913 /* Project object */;
			proxyType = 1;
			remoteGlobalIDString = D69BCF7B22FA342D0086C913;
			remoteInfo = NewMood;
		};
/* End PBXContainerItemProxy section */

/* Begin PBXFileReference section */
		01A0313865BB064D96F46B46 /* Pods_NewMood.framework */ = {isa = PBXFileReference; explicitFileType = wrapper.framework; includeInIndex = 0; path = Pods_NewMood.framework; sourceTree = BUILT_PRODUCTS_DIR; };
		5AC432ACE17ABAFBB78D420F /* Pods-NewMoodTests.debug.xcconfig */ = {isa = PBXFileReference; includeInIndex = 1; lastKnownFileType = text.xcconfig; name = "Pods-NewMoodTests.debug.xcconfig"; path = "Target Support Files/Pods-NewMoodTests/Pods-NewMoodTests.debug.xcconfig"; sourceTree = "<group>"; };
		D0B60D934B339EFE350B64F9 /* Pods_NewMoodTests.framework */ = {isa = PBXFileReference; explicitFileType = wrapper.framework; includeInIndex = 0; path = Pods_NewMoodTests.framework; sourceTree = BUILT_PRODUCTS_DIR; };
		D679EE112308506300210D4C /* TextView.swift */ = {isa = PBXFileReference; lastKnownFileType = sourcecode.swift; path = TextView.swift; sourceTree = "<group>"; };
		D69BCF7C22FA342D0086C913 /* NewMood.app */ = {isa = PBXFileReference; explicitFileType = wrapper.application; includeInIndex = 0; path = NewMood.app; sourceTree = BUILT_PRODUCTS_DIR; };
		D69BCF7F22FA342D0086C913 /* AppDelegate.swift */ = {isa = PBXFileReference; lastKnownFileType = sourcecode.swift; path = AppDelegate.swift; sourceTree = "<group>"; };
		D69BCF8122FA342D0086C913 /* ThoughtInputViewController.swift */ = {isa = PBXFileReference; lastKnownFileType = sourcecode.swift; path = ThoughtInputViewController.swift; sourceTree = "<group>"; };
		D69BCF8422FA342D0086C913 /* Base */ = {isa = PBXFileReference; lastKnownFileType = file.storyboard; name = Base; path = Base.lproj/Main.storyboard; sourceTree = "<group>"; };
		D69BCF8722FA342D0086C913 /* NewMood.xcdatamodel */ = {isa = PBXFileReference; lastKnownFileType = wrapper.xcdatamodel; path = NewMood.xcdatamodel; sourceTree = "<group>"; };
		D69BCF8922FA342E0086C913 /* Assets.xcassets */ = {isa = PBXFileReference; lastKnownFileType = folder.assetcatalog; path = Assets.xcassets; sourceTree = "<group>"; };
		D69BCF8C22FA342E0086C913 /* Base */ = {isa = PBXFileReference; lastKnownFileType = file.storyboard; name = Base; path = Base.lproj/LaunchScreen.storyboard; sourceTree = "<group>"; };
		D69BCF8E22FA342E0086C913 /* Info.plist */ = {isa = PBXFileReference; lastKnownFileType = text.plist.xml; path = Info.plist; sourceTree = "<group>"; };
		D69BCF9322FA342E0086C913 /* NewMoodTests.xctest */ = {isa = PBXFileReference; explicitFileType = wrapper.cfbundle; includeInIndex = 0; path = NewMoodTests.xctest; sourceTree = BUILT_PRODUCTS_DIR; };
		D69BCF9722FA342E0086C913 /* NewMoodTests.swift */ = {isa = PBXFileReference; lastKnownFileType = sourcecode.swift; path = NewMoodTests.swift; sourceTree = "<group>"; };
		D69BCF9922FA342E0086C913 /* Info.plist */ = {isa = PBXFileReference; lastKnownFileType = text.plist.xml; path = Info.plist; sourceTree = "<group>"; };
		D69BCFA222FA3A250086C913 /* NavigationController.swift */ = {isa = PBXFileReference; lastKnownFileType = sourcecode.swift; path = NavigationController.swift; sourceTree = "<group>"; };
		D69BCFA422FA3A420086C913 /* ViewController.swift */ = {isa = PBXFileReference; lastKnownFileType = sourcecode.swift; path = ViewController.swift; sourceTree = "<group>"; };
		D69BCFA622FA3D5B0086C913 /* UIColor.Ext.swift */ = {isa = PBXFileReference; lastKnownFileType = sourcecode.swift; path = UIColor.Ext.swift; sourceTree = "<group>"; };
		D6EA92EE230057B300BCF352 /* ThoughtListViewController.swift */ = {isa = PBXFileReference; lastKnownFileType = sourcecode.swift; path = ThoughtListViewController.swift; sourceTree = "<group>"; };
		D6EA92F023005A6B00BCF352 /* EnumProtocols.swift */ = {isa = PBXFileReference; fileEncoding = 4; lastKnownFileType = sourcecode.swift; path = EnumProtocols.swift; sourceTree = "<group>"; };
		D6EA92F223005BA300BCF352 /* ThoughtTableViewCell.swift */ = {isa = PBXFileReference; lastKnownFileType = sourcecode.swift; path = ThoughtTableViewCell.swift; sourceTree = "<group>"; };
		D6EA92F423005BCF00BCF352 /* Strings.swift */ = {isa = PBXFileReference; lastKnownFileType = sourcecode.swift; path = Strings.swift; sourceTree = "<group>"; };
		D6EA92F6230062CA00BCF352 /* TableView.swift */ = {isa = PBXFileReference; lastKnownFileType = sourcecode.swift; path = TableView.swift; sourceTree = "<group>"; };
		D6EA92F8230062E300BCF352 /* TableViewCell.swift */ = {isa = PBXFileReference; lastKnownFileType = sourcecode.swift; path = TableViewCell.swift; sourceTree = "<group>"; };
		D6EA92FB2300638100BCF352 /* ThoughtListVC.Exts.swift */ = {isa = PBXFileReference; lastKnownFileType = sourcecode.swift; path = ThoughtListVC.Exts.swift; sourceTree = "<group>"; };
		D82D145D2460C777AD2A110E /* Pods-NewMoodTests.release.xcconfig */ = {isa = PBXFileReference; includeInIndex = 1; lastKnownFileType = text.xcconfig; name = "Pods-NewMoodTests.release.xcconfig"; path = "Target Support Files/Pods-NewMoodTests/Pods-NewMoodTests.release.xcconfig"; sourceTree = "<group>"; };
		EA0B2581148A3C0CB24BDE3E /* Pods-NewMood.release.xcconfig */ = {isa = PBXFileReference; includeInIndex = 1; lastKnownFileType = text.xcconfig; name = "Pods-NewMood.release.xcconfig"; path = "Target Support Files/Pods-NewMood/Pods-NewMood.release.xcconfig"; sourceTree = "<group>"; };
		F8C0BCBD66B388CCA0100C9A /* Pods-NewMood.debug.xcconfig */ = {isa = PBXFileReference; includeInIndex = 1; lastKnownFileType = text.xcconfig; name = "Pods-NewMood.debug.xcconfig"; path = "Target Support Files/Pods-NewMood/Pods-NewMood.debug.xcconfig"; sourceTree = "<group>"; };
/* End PBXFileReference section */

/* Begin PBXFrameworksBuildPhase section */
		D69BCF7922FA342D0086C913 /* Frameworks */ = {
			isa = PBXFrameworksBuildPhase;
			buildActionMask = 2147483647;
			files = (
				6DBA5D8984BB00B5B76057E0 /* Pods_NewMood.framework in Frameworks */,
			);
			runOnlyForDeploymentPostprocessing = 0;
		};
		D69BCF9022FA342E0086C913 /* Frameworks */ = {
			isa = PBXFrameworksBuildPhase;
			buildActionMask = 2147483647;
			files = (
				79235D63E0295D90BC44CBA8 /* Pods_NewMoodTests.framework in Frameworks */,
			);
			runOnlyForDeploymentPostprocessing = 0;
		};
/* End PBXFrameworksBuildPhase section */

/* Begin PBXGroup section */
		1FBCB6BB03C8D050A73DE126 /* Pods */ = {
			isa = PBXGroup;
			children = (
				F8C0BCBD66B388CCA0100C9A /* Pods-NewMood.debug.xcconfig */,
				EA0B2581148A3C0CB24BDE3E /* Pods-NewMood.release.xcconfig */,
				5AC432ACE17ABAFBB78D420F /* Pods-NewMoodTests.debug.xcconfig */,
				D82D145D2460C777AD2A110E /* Pods-NewMoodTests.release.xcconfig */,
			);
			path = Pods;
			sourceTree = "<group>";
		};
		3F4475E397317207797825FA /* Frameworks */ = {
			isa = PBXGroup;
			children = (
				01A0313865BB064D96F46B46 /* Pods_NewMood.framework */,
				D0B60D934B339EFE350B64F9 /* Pods_NewMoodTests.framework */,
			);
			name = Frameworks;
			sourceTree = "<group>";
		};
		D69BCF7322FA342D0086C913 = {
			isa = PBXGroup;
			children = (
				D69BCF7E22FA342D0086C913 /* NewMood */,
				D69BCF9622FA342E0086C913 /* NewMoodTests */,
				D69BCF7D22FA342D0086C913 /* Products */,
				1FBCB6BB03C8D050A73DE126 /* Pods */,
				3F4475E397317207797825FA /* Frameworks */,
			);
			sourceTree = "<group>";
		};
		D69BCF7D22FA342D0086C913 /* Products */ = {
			isa = PBXGroup;
			children = (
				D69BCF7C22FA342D0086C913 /* NewMood.app */,
				D69BCF9322FA342E0086C913 /* NewMoodTests.xctest */,
			);
			name = Products;
			sourceTree = "<group>";
		};
		D69BCF7E22FA342D0086C913 /* NewMood */ = {
			isa = PBXGroup;
			children = (
				D6EA92FA230062FF00BCF352 /* View_Elements */,
				D6AC412522FA55F400B47245 /* ViewControllers */,
				D69BCF7F22FA342D0086C913 /* AppDelegate.swift */,
				D6EA92F8230062E300BCF352 /* TableViewCell.swift */,
				D6EA92F223005BA300BCF352 /* ThoughtTableViewCell.swift */,
				D6EA92F423005BCF00BCF352 /* Strings.swift */,
				D6EA92F023005A6B00BCF352 /* EnumProtocols.swift */,
				D69BCF8322FA342D0086C913 /* Main.storyboard */,
				D69BCF8922FA342E0086C913 /* Assets.xcassets */,
				D69BCF8B22FA342E0086C913 /* LaunchScreen.storyboard */,
				D69BCF8E22FA342E0086C913 /* Info.plist */,
				D69BCF8622FA342D0086C913 /* NewMood.xcdatamodeld */,
			);
			path = NewMood;
			sourceTree = "<group>";
		};
		D69BCF9622FA342E0086C913 /* NewMoodTests */ = {
			isa = PBXGroup;
			children = (
				D69BCF9722FA342E0086C913 /* NewMoodTests.swift */,
				D69BCF9922FA342E0086C913 /* Info.plist */,
			);
			path = NewMoodTests;
			sourceTree = "<group>";
		};
		D6AC412522FA55F400B47245 /* ViewControllers */ = {
			isa = PBXGroup;
			children = (
				D69BCFA422FA3A420086C913 /* ViewController.swift */,
				D69BCFA222FA3A250086C913 /* NavigationController.swift */,
				D69BCF8122FA342D0086C913 /* ThoughtInputViewController.swift */,
				D6EA92EE230057B300BCF352 /* ThoughtListViewController.swift */,
				D6EA92FB2300638100BCF352 /* ThoughtListVC.Exts.swift */,
			);
			path = ViewControllers;
			sourceTree = "<group>";
		};
		D6EA92FA230062FF00BCF352 /* View_Elements */ = {
			isa = PBXGroup;
			children = (
				D69BCFA622FA3D5B0086C913 /* UIColor.Ext.swift */,
				D6EA92F6230062CA00BCF352 /* TableView.swift */,
				D679EE112308506300210D4C /* TextView.swift */,
			);
			path = View_Elements;
			sourceTree = "<group>";
		};
/* End PBXGroup section */

/* Begin PBXNativeTarget section */
		D69BCF7B22FA342D0086C913 /* NewMood */ = {
			isa = PBXNativeTarget;
			buildConfigurationList = D69BCF9C22FA342E0086C913 /* Build configuration list for PBXNativeTarget "NewMood" */;
			buildPhases = (
				001AE4BFA88341C8E8C38F9D /* [CP] Check Pods Manifest.lock */,
				D69BCF7822FA342D0086C913 /* Sources */,
				D69BCF7922FA342D0086C913 /* Frameworks */,
				D69BCF7A22FA342D0086C913 /* Resources */,
				A617ECA93186B84A7E3804EF /* [CP] Embed Pods Frameworks */,
			);
			buildRules = (
			);
			dependencies = (
			);
			name = NewMood;
			productName = NewMood;
			productReference = D69BCF7C22FA342D0086C913 /* NewMood.app */;
			productType = "com.apple.product-type.application";
		};
		D69BCF9222FA342E0086C913 /* NewMoodTests */ = {
			isa = PBXNativeTarget;
			buildConfigurationList = D69BCF9F22FA342E0086C913 /* Build configuration list for PBXNativeTarget "NewMoodTests" */;
			buildPhases = (
				787BD6F2BC2F1B2ACCBCD226 /* [CP] Check Pods Manifest.lock */,
				D69BCF8F22FA342E0086C913 /* Sources */,
				D69BCF9022FA342E0086C913 /* Frameworks */,
				D69BCF9122FA342E0086C913 /* Resources */,
			);
			buildRules = (
			);
			dependencies = (
				D69BCF9522FA342E0086C913 /* PBXTargetDependency */,
			);
			name = NewMoodTests;
			productName = NewMoodTests;
			productReference = D69BCF9322FA342E0086C913 /* NewMoodTests.xctest */;
			productType = "com.apple.product-type.bundle.unit-test";
		};
/* End PBXNativeTarget section */

/* Begin PBXProject section */
		D69BCF7422FA342D0086C913 /* Project object */ = {
			isa = PBXProject;
			attributes = {
				LastSwiftUpdateCheck = 1030;
				LastUpgradeCheck = 1030;
				ORGANIZATIONNAME = "Ben Whitley";
				TargetAttributes = {
					D69BCF7B22FA342D0086C913 = {
						CreatedOnToolsVersion = 10.3;
					};
					D69BCF9222FA342E0086C913 = {
						CreatedOnToolsVersion = 10.3;
						TestTargetID = D69BCF7B22FA342D0086C913;
					};
				};
			};
			buildConfigurationList = D69BCF7722FA342D0086C913 /* Build configuration list for PBXProject "NewMood" */;
			compatibilityVersion = "Xcode 9.3";
			developmentRegion = en;
			hasScannedForEncodings = 0;
			knownRegions = (
				en,
				Base,
			);
			mainGroup = D69BCF7322FA342D0086C913;
			productRefGroup = D69BCF7D22FA342D0086C913 /* Products */;
			projectDirPath = "";
			projectRoot = "";
			targets = (
				D69BCF7B22FA342D0086C913 /* NewMood */,
				D69BCF9222FA342E0086C913 /* NewMoodTests */,
			);
		};
/* End PBXProject section */

/* Begin PBXResourcesBuildPhase section */
		D69BCF7A22FA342D0086C913 /* Resources */ = {
			isa = PBXResourcesBuildPhase;
			buildActionMask = 2147483647;
			files = (
				D69BCF8D22FA342E0086C913 /* LaunchScreen.storyboard in Resources */,
				D69BCF8A22FA342E0086C913 /* Assets.xcassets in Resources */,
				D69BCF8522FA342D0086C913 /* Main.storyboard in Resources */,
			);
			runOnlyForDeploymentPostprocessing = 0;
		};
		D69BCF9122FA342E0086C913 /* Resources */ = {
			isa = PBXResourcesBuildPhase;
			buildActionMask = 2147483647;
			files = (
			);
			runOnlyForDeploymentPostprocessing = 0;
		};
/* End PBXResourcesBuildPhase section */

/* Begin PBXShellScriptBuildPhase section */
		001AE4BFA88341C8E8C38F9D /* [CP] Check Pods Manifest.lock */ = {
			isa = PBXShellScriptBuildPhase;
			buildActionMask = 2147483647;
			files = (
			);
			inputFileListPaths = (
			);
			inputPaths = (
				"${PODS_PODFILE_DIR_PATH}/Podfile.lock",
				"${PODS_ROOT}/Manifest.lock",
			);
			name = "[CP] Check Pods Manifest.lock";
			outputFileListPaths = (
			);
			outputPaths = (
				"$(DERIVED_FILE_DIR)/Pods-NewMood-checkManifestLockResult.txt",
			);
			runOnlyForDeploymentPostprocessing = 0;
			shellPath = /bin/sh;
			shellScript = "diff \"${PODS_PODFILE_DIR_PATH}/Podfile.lock\" \"${PODS_ROOT}/Manifest.lock\" > /dev/null\nif [ $? != 0 ] ; then\n    # print error to STDERR\n    echo \"error: The sandbox is not in sync with the Podfile.lock. Run 'pod install' or update your CocoaPods installation.\" >&2\n    exit 1\nfi\n# This output is used by Xcode 'outputs' to avoid re-running this script phase.\necho \"SUCCESS\" > \"${SCRIPT_OUTPUT_FILE_0}\"\n";
			showEnvVarsInLog = 0;
		};
		787BD6F2BC2F1B2ACCBCD226 /* [CP] Check Pods Manifest.lock */ = {
			isa = PBXShellScriptBuildPhase;
			buildActionMask = 2147483647;
			files = (
			);
			inputFileListPaths = (
			);
			inputPaths = (
				"${PODS_PODFILE_DIR_PATH}/Podfile.lock",
				"${PODS_ROOT}/Manifest.lock",
			);
			name = "[CP] Check Pods Manifest.lock";
			outputFileListPaths = (
			);
			outputPaths = (
				"$(DERIVED_FILE_DIR)/Pods-NewMoodTests-checkManifestLockResult.txt",
			);
			runOnlyForDeploymentPostprocessing = 0;
			shellPath = /bin/sh;
			shellScript = "diff \"${PODS_PODFILE_DIR_PATH}/Podfile.lock\" \"${PODS_ROOT}/Manifest.lock\" > /dev/null\nif [ $? != 0 ] ; then\n    # print error to STDERR\n    echo \"error: The sandbox is not in sync with the Podfile.lock. Run 'pod install' or update your CocoaPods installation.\" >&2\n    exit 1\nfi\n# This output is used by Xcode 'outputs' to avoid re-running this script phase.\necho \"SUCCESS\" > \"${SCRIPT_OUTPUT_FILE_0}\"\n";
			showEnvVarsInLog = 0;
		};
		A617ECA93186B84A7E3804EF /* [CP] Embed Pods Frameworks */ = {
			isa = PBXShellScriptBuildPhase;
			buildActionMask = 2147483647;
			files = (
			);
			inputFileListPaths = (
				"${PODS_ROOT}/Target Support Files/Pods-NewMood/Pods-NewMood-frameworks-${CONFIGURATION}-input-files.xcfilelist",
			);
			name = "[CP] Embed Pods Frameworks";
			outputFileListPaths = (
				"${PODS_ROOT}/Target Support Files/Pods-NewMood/Pods-NewMood-frameworks-${CONFIGURATION}-output-files.xcfilelist",
			);
			runOnlyForDeploymentPostprocessing = 0;
			shellPath = /bin/sh;
			shellScript = "\"${PODS_ROOT}/Target Support Files/Pods-NewMood/Pods-NewMood-frameworks.sh\"\n";
			showEnvVarsInLog = 0;
		};
/* End PBXShellScriptBuildPhase section */

/* Begin PBXSourcesBuildPhase section */
		D69BCF7822FA342D0086C913 /* Sources */ = {
			isa = PBXSourcesBuildPhase;
			buildActionMask = 2147483647;
			files = (
				D6EA92F123005A6B00BCF352 /* EnumProtocols.swift in Sources */,
				D69BCFA722FA3D5B0086C913 /* UIColor.Ext.swift in Sources */,
				D6EA92F523005BCF00BCF352 /* Strings.swift in Sources */,
				D679EE122308506300210D4C /* TextView.swift in Sources */,
				D6EA92F323005BA300BCF352 /* ThoughtTableViewCell.swift in Sources */,
				D69BCFA522FA3A420086C913 /* ViewController.swift in Sources */,
				D6EA92FC2300638100BCF352 /* ThoughtListVC.Exts.swift in Sources */,
				D69BCF8222FA342D0086C913 /* ThoughtInputViewController.swift in Sources */,
				D6EA92EF230057B300BCF352 /* ThoughtListViewController.swift in Sources */,
				D69BCFA322FA3A250086C913 /* NavigationController.swift in Sources */,
				D69BCF8822FA342D0086C913 /* NewMood.xcdatamodeld in Sources */,
				D6EA92F9230062E300BCF352 /* TableViewCell.swift in Sources */,
				D6EA92F7230062CA00BCF352 /* TableView.swift in Sources */,
				D69BCF8022FA342D0086C913 /* AppDelegate.swift in Sources */,
			);
			runOnlyForDeploymentPostprocessing = 0;
		};
		D69BCF8F22FA342E0086C913 /* Sources */ = {
			isa = PBXSourcesBuildPhase;
			buildActionMask = 2147483647;
			files = (
				D69BCF9822FA342E0086C913 /* NewMoodTests.swift in Sources */,
			);
			runOnlyForDeploymentPostprocessing = 0;
		};
/* End PBXSourcesBuildPhase section */

/* Begin PBXTargetDependency section */
		D69BCF9522FA342E0086C913 /* PBXTargetDependency */ = {
			isa = PBXTargetDependency;
			target = D69BCF7B22FA342D0086C913 /* NewMood */;
			targetProxy = D69BCF9422FA342E0086C913 /* PBXContainerItemProxy */;
		};
/* End PBXTargetDependency section */

/* Begin PBXVariantGroup section */
		D69BCF8322FA342D0086C913 /* Main.storyboard */ = {
			isa = PBXVariantGroup;
			children = (
				D69BCF8422FA342D0086C913 /* Base */,
			);
			name = Main.storyboard;
			sourceTree = "<group>";
		};
		D69BCF8B22FA342E0086C913 /* LaunchScreen.storyboard */ = {
			isa = PBXVariantGroup;
			children = (
				D69BCF8C22FA342E0086C913 /* Base */,
			);
			name = LaunchScreen.storyboard;
			sourceTree = "<group>";
		};
/* End PBXVariantGroup section */

/* Begin XCBuildConfiguration section */
		D69BCF9A22FA342E0086C913 /* Debug */ = {
			isa = XCBuildConfiguration;
			buildSettings = {
				ALWAYS_SEARCH_USER_PATHS = NO;
				CLANG_ANALYZER_NONNULL = YES;
				CLANG_ANALYZER_NUMBER_OBJECT_CONVERSION = YES_AGGRESSIVE;
				CLANG_CXX_LANGUAGE_STANDARD = "gnu++14";
				CLANG_CXX_LIBRARY = "libc++";
				CLANG_ENABLE_MODULES = YES;
				CLANG_ENABLE_OBJC_ARC = YES;
				CLANG_ENABLE_OBJC_WEAK = YES;
				CLANG_WARN_BLOCK_CAPTURE_AUTORELEASING = YES;
				CLANG_WARN_BOOL_CONVERSION = YES;
				CLANG_WARN_COMMA = YES;
				CLANG_WARN_CONSTANT_CONVERSION = YES;
				CLANG_WARN_DEPRECATED_OBJC_IMPLEMENTATIONS = YES;
				CLANG_WARN_DIRECT_OBJC_ISA_USAGE = YES_ERROR;
				CLANG_WARN_DOCUMENTATION_COMMENTS = YES;
				CLANG_WARN_EMPTY_BODY = YES;
				CLANG_WARN_ENUM_CONVERSION = YES;
				CLANG_WARN_INFINITE_RECURSION = YES;
				CLANG_WARN_INT_CONVERSION = YES;
				CLANG_WARN_NON_LITERAL_NULL_CONVERSION = YES;
				CLANG_WARN_OBJC_IMPLICIT_RETAIN_SELF = YES;
				CLANG_WARN_OBJC_LITERAL_CONVERSION = YES;
				CLANG_WARN_OBJC_ROOT_CLASS = YES_ERROR;
				CLANG_WARN_RANGE_LOOP_ANALYSIS = YES;
				CLANG_WARN_STRICT_PROTOTYPES = YES;
				CLANG_WARN_SUSPICIOUS_MOVE = YES;
				CLANG_WARN_UNGUARDED_AVAILABILITY = YES_AGGRESSIVE;
				CLANG_WARN_UNREACHABLE_CODE = YES;
				CLANG_WARN__DUPLICATE_METHOD_MATCH = YES;
				CODE_SIGN_IDENTITY = "iPhone Developer";
				COPY_PHASE_STRIP = NO;
				DEBUG_INFORMATION_FORMAT = dwarf;
				ENABLE_STRICT_OBJC_MSGSEND = YES;
				ENABLE_TESTABILITY = YES;
				GCC_C_LANGUAGE_STANDARD = gnu11;
				GCC_DYNAMIC_NO_PIC = NO;
				GCC_NO_COMMON_BLOCKS = YES;
				GCC_OPTIMIZATION_LEVEL = 0;
				GCC_PREPROCESSOR_DEFINITIONS = (
					"DEBUG=1",
					"$(inherited)",
				);
				GCC_WARN_64_TO_32_BIT_CONVERSION = YES;
				GCC_WARN_ABOUT_RETURN_TYPE = YES_ERROR;
				GCC_WARN_UNDECLARED_SELECTOR = YES;
				GCC_WARN_UNINITIALIZED_AUTOS = YES_AGGRESSIVE;
				GCC_WARN_UNUSED_FUNCTION = YES;
				GCC_WARN_UNUSED_VARIABLE = YES;
				IPHONEOS_DEPLOYMENT_TARGET = 12.4;
				MTL_ENABLE_DEBUG_INFO = INCLUDE_SOURCE;
				MTL_FAST_MATH = YES;
				ONLY_ACTIVE_ARCH = YES;
				SDKROOT = iphoneos;
				SWIFT_ACTIVE_COMPILATION_CONDITIONS = DEBUG;
				SWIFT_OPTIMIZATION_LEVEL = "-Onone";
			};
			name = Debug;
		};
		D69BCF9B22FA342E0086C913 /* Release */ = {
			isa = XCBuildConfiguration;
			buildSettings = {
				ALWAYS_SEARCH_USER_PATHS = NO;
				CLANG_ANALYZER_NONNULL = YES;
				CLANG_ANALYZER_NUMBER_OBJECT_CONVERSION = YES_AGGRESSIVE;
				CLANG_CXX_LANGUAGE_STANDARD = "gnu++14";
				CLANG_CXX_LIBRARY = "libc++";
				CLANG_ENABLE_MODULES = YES;
				CLANG_ENABLE_OBJC_ARC = YES;
				CLANG_ENABLE_OBJC_WEAK = YES;
				CLANG_WARN_BLOCK_CAPTURE_AUTORELEASING = YES;
				CLANG_WARN_BOOL_CONVERSION = YES;
				CLANG_WARN_COMMA = YES;
				CLANG_WARN_CONSTANT_CONVERSION = YES;
				CLANG_WARN_DEPRECATED_OBJC_IMPLEMENTATIONS = YES;
				CLANG_WARN_DIRECT_OBJC_ISA_USAGE = YES_ERROR;
				CLANG_WARN_DOCUMENTATION_COMMENTS = YES;
				CLANG_WARN_EMPTY_BODY = YES;
				CLANG_WARN_ENUM_CONVERSION = YES;
				CLANG_WARN_INFINITE_RECURSION = YES;
				CLANG_WARN_INT_CONVERSION = YES;
				CLANG_WARN_NON_LITERAL_NULL_CONVERSION = YES;
				CLANG_WARN_OBJC_IMPLICIT_RETAIN_SELF = YES;
				CLANG_WARN_OBJC_LITERAL_CONVERSION = YES;
				CLANG_WARN_OBJC_ROOT_CLASS = YES_ERROR;
				CLANG_WARN_RANGE_LOOP_ANALYSIS = YES;
				CLANG_WARN_STRICT_PROTOTYPES = YES;
				CLANG_WARN_SUSPICIOUS_MOVE = YES;
				CLANG_WARN_UNGUARDED_AVAILABILITY = YES_AGGRESSIVE;
				CLANG_WARN_UNREACHABLE_CODE = YES;
				CLANG_WARN__DUPLICATE_METHOD_MATCH = YES;
				CODE_SIGN_IDENTITY = "iPhone Developer";
				COPY_PHASE_STRIP = NO;
				DEBUG_INFORMATION_FORMAT = "dwarf-with-dsym";
				ENABLE_NS_ASSERTIONS = NO;
				ENABLE_STRICT_OBJC_MSGSEND = YES;
				GCC_C_LANGUAGE_STANDARD = gnu11;
				GCC_NO_COMMON_BLOCKS = YES;
				GCC_WARN_64_TO_32_BIT_CONVERSION = YES;
				GCC_WARN_ABOUT_RETURN_TYPE = YES_ERROR;
				GCC_WARN_UNDECLARED_SELECTOR = YES;
				GCC_WARN_UNINITIALIZED_AUTOS = YES_AGGRESSIVE;
				GCC_WARN_UNUSED_FUNCTION = YES;
				GCC_WARN_UNUSED_VARIABLE = YES;
				IPHONEOS_DEPLOYMENT_TARGET = 12.4;
				MTL_ENABLE_DEBUG_INFO = NO;
				MTL_FAST_MATH = YES;
				SDKROOT = iphoneos;
				SWIFT_COMPILATION_MODE = wholemodule;
				SWIFT_OPTIMIZATION_LEVEL = "-O";
				VALIDATE_PRODUCT = YES;
			};
			name = Release;
		};
		D69BCF9D22FA342E0086C913 /* Debug */ = {
			isa = XCBuildConfiguration;
			baseConfigurationReference = F8C0BCBD66B388CCA0100C9A /* Pods-NewMood.debug.xcconfig */;
			buildSettings = {
				ASSETCATALOG_COMPILER_APPICON_NAME = AppIcon;
				CODE_SIGN_STYLE = Automatic;
				DEVELOPMENT_TEAM = 5A27VZVWQE;
				INFOPLIST_FILE = NewMood/Info.plist;
				LD_RUNPATH_SEARCH_PATHS = (
					"$(inherited)",
					"@executable_path/Frameworks",
				);
				PRODUCT_BUNDLE_IDENTIFIER = "Ben-Whitley.NewMood";
				PRODUCT_NAME = "$(TARGET_NAME)";
				SWIFT_VERSION = 5.0;
				TARGETED_DEVICE_FAMILY = "1,2";
			};
			name = Debug;
		};
		D69BCF9E22FA342E0086C913 /* Release */ = {
			isa = XCBuildConfiguration;
			baseConfigurationReference = EA0B2581148A3C0CB24BDE3E /* Pods-NewMood.release.xcconfig */;
			buildSettings = {
				ASSETCATALOG_COMPILER_APPICON_NAME = AppIcon;
				CODE_SIGN_STYLE = Automatic;
				DEVELOPMENT_TEAM = 5A27VZVWQE;
				INFOPLIST_FILE = NewMood/Info.plist;
				LD_RUNPATH_SEARCH_PATHS = (
					"$(inherited)",
					"@executable_path/Frameworks",
				);
				PRODUCT_BUNDLE_IDENTIFIER = "Ben-Whitley.NewMood";
				PRODUCT_NAME = "$(TARGET_NAME)";
				SWIFT_VERSION = 5.0;
				TARGETED_DEVICE_FAMILY = "1,2";
			};
			name = Release;
		};
		D69BCFA022FA342E0086C913 /* Debug */ = {
			isa = XCBuildConfiguration;
			baseConfigurationReference = 5AC432ACE17ABAFBB78D420F /* Pods-NewMoodTests.debug.xcconfig */;
			buildSettings = {
				ALWAYS_EMBED_SWIFT_STANDARD_LIBRARIES = YES;
				BUNDLE_LOADER = "$(TEST_HOST)";
				CODE_SIGN_STYLE = Automatic;
				DEVELOPMENT_TEAM = 5A27VZVWQE;
				INFOPLIST_FILE = NewMoodTests/Info.plist;
				LD_RUNPATH_SEARCH_PATHS = (
					"$(inherited)",
					"@executable_path/Frameworks",
					"@loader_path/Frameworks",
				);
				PRODUCT_BUNDLE_IDENTIFIER = "Ben-Whitley.NewMoodTests";
				PRODUCT_NAME = "$(TARGET_NAME)";
				SWIFT_VERSION = 5.0;
				TARGETED_DEVICE_FAMILY = "1,2";
				TEST_HOST = "$(BUILT_PRODUCTS_DIR)/NewMood.app/NewMood";
			};
			name = Debug;
		};
		D69BCFA122FA342E0086C913 /* Release */ = {
			isa = XCBuildConfiguration;
			baseConfigurationReference = D82D145D2460C777AD2A110E /* Pods-NewMoodTests.release.xcconfig */;
			buildSettings = {
				ALWAYS_EMBED_SWIFT_STANDARD_LIBRARIES = YES;
				BUNDLE_LOADER = "$(TEST_HOST)";
				CODE_SIGN_STYLE = Automatic;
				DEVELOPMENT_TEAM = 5A27VZVWQE;
				INFOPLIST_FILE = NewMoodTests/Info.plist;
				LD_RUNPATH_SEARCH_PATHS = (
					"$(inherited)",
					"@executable_path/Frameworks",
					"@loader_path/Frameworks",
				);
				PRODUCT_BUNDLE_IDENTIFIER = "Ben-Whitley.NewMoodTests";
				PRODUCT_NAME = "$(TARGET_NAME)";
				SWIFT_VERSION = 5.0;
				TARGETED_DEVICE_FAMILY = "1,2";
				TEST_HOST = "$(BUILT_PRODUCTS_DIR)/NewMood.app/NewMood";
			};
			name = Release;
		};
/* End XCBuildConfiguration section */

/* Begin XCConfigurationList section */
		D69BCF7722FA342D0086C913 /* Build configuration list for PBXProject "NewMood" */ = {
			isa = XCConfigurationList;
			buildConfigurations = (
				D69BCF9A22FA342E0086C913 /* Debug */,
				D69BCF9B22FA342E0086C913 /* Release */,
			);
			defaultConfigurationIsVisible = 0;
			defaultConfigurationName = Release;
		};
		D69BCF9C22FA342E0086C913 /* Build configuration list for PBXNativeTarget "NewMood" */ = {
			isa = XCConfigurationList;
			buildConfigurations = (
				D69BCF9D22FA342E0086C913 /* Debug */,
				D69BCF9E22FA342E0086C913 /* Release */,
			);
			defaultConfigurationIsVisible = 0;
			defaultConfigurationName = Release;
		};
		D69BCF9F22FA342E0086C913 /* Build configuration list for PBXNativeTarget "NewMoodTests" */ = {
			isa = XCConfigurationList;
			buildConfigurations = (
				D69BCFA022FA342E0086C913 /* Debug */,
				D69BCFA122FA342E0086C913 /* Release */,
			);
			defaultConfigurationIsVisible = 0;
			defaultConfigurationName = Release;
		};
/* End XCConfigurationList section */

/* Begin XCVersionGroup section */
		D69BCF8622FA342D0086C913 /* NewMood.xcdatamodeld */ = {
			isa = XCVersionGroup;
			children = (
				D69BCF8722FA342D0086C913 /* NewMood.xcdatamodel */,
			);
			currentVersion = D69BCF8722FA342D0086C913 /* NewMood.xcdatamodel */;
			path = NewMood.xcdatamodeld;
			sourceTree = "<group>";
			versionGroupType = wrapper.xcdatamodel;
		};
/* End XCVersionGroup section */
	};
	rootObject = D69BCF7422FA342D0086C913 /* Project object */;
}
